
Microsoft Visual Studio Solution File, Format Version 12.00
# Visual Studio 15
VisualStudioVersion = 15.0.27004.2010
MinimumVisualStudioVersion = 10.0.40219.1
Project("{FAE04EC0-301F-11D3-BF4B-00C04F79EFBC}") = "OpenDataBerlinIMT", "OpenDataBerlinIMT\OpenDataBerlinIMT.csproj", "{9B817FBE-6CF2-4732-8DD7-D31866049B78}"
EndProject
Global
	GlobalSection(SolutionConfigurationPlatforms) = preSolution
		Debug|Any CPU = Debug|Any CPU
		Release|Any CPU = Release|Any CPU
	EndGlobalSection
	GlobalSection(ProjectConfigurationPlatforms) = postSolution
		{9B817FBE-6CF2-4732-8DD7-D31866049B78}.Debug|Any CPU.ActiveCfg = Debug|Any CPU
		{9B817FBE-6CF2-4732-8DD7-D31866049B78}.Debug|Any CPU.Build.0 = Debug|Any CPU
		{9B817FBE-6CF2-4732-8DD7-D31866049B78}.Release|Any CPU.ActiveCfg = Release|Any CPU
		{9B817FBE-6CF2-4732-8DD7-D31866049B78}.Release|Any CPU.Build.0 = Release|Any CPU
	EndGlobalSection
	GlobalSection(SolutionProperties) = preSolution
		HideSolutionNode = FALSE
	EndGlobalSection
	GlobalSection(ExtensibilityGlobals) = postSolution
		SolutionGuid = {E95071FD-2A12-4909-BEA0-0EE9CBD47190}
	EndGlobalSection
EndGlobal
